
Microsoft Visual Studio Solution File, Format Version 12.00
# Visual Studio 15
VisualStudioVersion = 15.0.28307.779
MinimumVisualStudioVersion = 10.0.40219.1
Project("{FAE04EC0-301F-11D3-BF4B-00C04F79EFBC}") = "DLX", "DLX\DLX.csproj", "{A2D3117A-1647-4BD5-92C6-D5478A9D4B04}"
EndProject
Project("{FAE04EC0-301F-11D3-BF4B-00C04F79EFBC}") = "DLXTester", "DLXTester\DLXTester.csproj", "{A2EDE18D-5AF6-47FD-8FD1-DEF181A80E69}"
EndProject
Project("{FAE04EC0-301F-11D3-BF4B-00C04F79EFBC}") = "DLXTests", "DLXTests\DLXTests.csproj", "{6DC27E6A-80B0-4195-A014-278526326D58}"
EndProject
Global
	GlobalSection(SolutionConfigurationPlatforms) = preSolution
		Debug|Any CPU = Debug|Any CPU
		Release|Any CPU = Release|Any CPU
	EndGlobalSection
	GlobalSection(ProjectConfigurationPlatforms) = postSolution
		{A2D3117A-1647-4BD5-92C6-D5478A9D4B04}.Debug|Any CPU.ActiveCfg = Debug|Any CPU
		{A2D3117A-1647-4BD5-92C6-D5478A9D4B04}.Debug|Any CPU.Build.0 = Debug|Any CPU
		{A2D3117A-1647-4BD5-92C6-D5478A9D4B04}.Release|Any CPU.ActiveCfg = Release|Any CPU
		{A2D3117A-1647-4BD5-92C6-D5478A9D4B04}.Release|Any CPU.Build.0 = Release|Any CPU
		{A2EDE18D-5AF6-47FD-8FD1-DEF181A80E69}.Debug|Any CPU.ActiveCfg = Debug|Any CPU
		{A2EDE18D-5AF6-47FD-8FD1-DEF181A80E69}.Debug|Any CPU.Build.0 = Debug|Any CPU
		{A2EDE18D-5AF6-47FD-8FD1-DEF181A80E69}.Release|Any CPU.ActiveCfg = Release|Any CPU
		{A2EDE18D-5AF6-47FD-8FD1-DEF181A80E69}.Release|Any CPU.Build.0 = Release|Any CPU
		{6DC27E6A-80B0-4195-A014-278526326D58}.Debug|Any CPU.ActiveCfg = Debug|Any CPU
		{6DC27E6A-80B0-4195-A014-278526326D58}.Debug|Any CPU.Build.0 = Debug|Any CPU
		{6DC27E6A-80B0-4195-A014-278526326D58}.Release|Any CPU.ActiveCfg = Release|Any CPU
		{6DC27E6A-80B0-4195-A014-278526326D58}.Release|Any CPU.Build.0 = Release|Any CPU
	EndGlobalSection
	GlobalSection(SolutionProperties) = preSolution
		HideSolutionNode = FALSE
	EndGlobalSection
	GlobalSection(ExtensibilityGlobals) = postSolution
		SolutionGuid = {FC705C9B-53FD-4B31-9B4F-10C3E5FDAA79}
	EndGlobalSection
EndGlobal
